
Microsoft Visual Studio Solution File, Format Version 12.00
# Visual Studio Version 17
VisualStudioVersion = 17.8.34525.116
MinimumVisualStudioVersion = 10.0.40219.1
Project("{9A19103F-16F7-4668-BE54-9A1E7A4F7556}") = "AzureFunctionsUniversity_Introduction", "src\AzureFunctionsUniversity_Introduction\AzureFunctionsUniversity_Introduction.csproj", "{F22EB732-E0E7-4169-A640-014CA10DDAEA}"
EndProject
Project("{9A19103F-16F7-4668-BE54-9A1E7A4F7556}") = "AzureFrunctionsUniversity_BlobBinding", "src\AzureFrunctionsUniversity_BlobBinding\AzureFrunctionsUniversity_BlobBinding.csproj", "{80D72D74-56AE-4999-B078-99E871EFDD25}"
EndProject
Project("{FAE04EC0-301F-11D3-BF4B-00C04F79EFBC}") = "AzureFunctionsUniversity_QueueBinding", "src\AzureFunctionsUniversity_QueueBinding\AzureFunctionsUniversity_QueueBinding.csproj", "{CCB943C6-1157-4EC9-AB57-B075018C6F85}"
EndProject
Global
	GlobalSection(SolutionConfigurationPlatforms) = preSolution
		Debug|Any CPU = Debug|Any CPU
		Release|Any CPU = Release|Any CPU
	EndGlobalSection
	GlobalSection(ProjectConfigurationPlatforms) = postSolution
		{F22EB732-E0E7-4169-A640-014CA10DDAEA}.Debug|Any CPU.ActiveCfg = Debug|Any CPU
		{F22EB732-E0E7-4169-A640-014CA10DDAEA}.Debug|Any CPU.Build.0 = Debug|Any CPU
		{F22EB732-E0E7-4169-A640-014CA10DDAEA}.Release|Any CPU.ActiveCfg = Release|Any CPU
		{F22EB732-E0E7-4169-A640-014CA10DDAEA}.Release|Any CPU.Build.0 = Release|Any CPU
		{80D72D74-56AE-4999-B078-99E871EFDD25}.Debug|Any CPU.ActiveCfg = Debug|Any CPU
		{80D72D74-56AE-4999-B078-99E871EFDD25}.Debug|Any CPU.Build.0 = Debug|Any CPU
		{80D72D74-56AE-4999-B078-99E871EFDD25}.Release|Any CPU.ActiveCfg = Release|Any CPU
		{80D72D74-56AE-4999-B078-99E871EFDD25}.Release|Any CPU.Build.0 = Release|Any CPU
		{CCB943C6-1157-4EC9-AB57-B075018C6F85}.Debug|Any CPU.ActiveCfg = Debug|Any CPU
		{CCB943C6-1157-4EC9-AB57-B075018C6F85}.Debug|Any CPU.Build.0 = Debug|Any CPU
		{CCB943C6-1157-4EC9-AB57-B075018C6F85}.Release|Any CPU.ActiveCfg = Release|Any CPU
		{CCB943C6-1157-4EC9-AB57-B075018C6F85}.Release|Any CPU.Build.0 = Release|Any CPU
	EndGlobalSection
	GlobalSection(SolutionProperties) = preSolution
		HideSolutionNode = FALSE
	EndGlobalSection
	GlobalSection(ExtensibilityGlobals) = postSolution
		SolutionGuid = {CEC8D43B-A38B-44CF-AAE5-8060DC5564E3}
	EndGlobalSection
EndGlobal
