
Microsoft Visual Studio Solution File, Format Version 12.00
# Visual Studio Version 17
VisualStudioVersion = 17.8.34525.116
MinimumVisualStudioVersion = 10.0.40219.1
Project("{9A19103F-16F7-4668-BE54-9A1E7A4F7556}") = "AzureFunctionsUniversity_Introduction", "src\AzureFunctionsUniversity_Introduction\AzureFunctionsUniversity_Introduction.csproj", "{F22EB732-E0E7-4169-A640-014CA10DDAEA}"
EndProject
Project("{9A19103F-16F7-4668-BE54-9A1E7A4F7556}") = "AzureFrunctionsUniversity_BlobBinding", "src\AzureFrunctionsUniversity_BlobBinding\AzureFrunctionsUniversity_BlobBinding.csproj", "{80D72D74-56AE-4999-B078-99E871EFDD25}"
EndProject
Project("{9A19103F-16F7-4668-BE54-9A1E7A4F7556}") = "AzureFunctionsUniversity_QueueBinding", "src\AzureFunctionsUniversity_QueueBinding\AzureFunctionsUniversity_QueueBinding.csproj", "{CCB943C6-1157-4EC9-AB57-B075018C6F85}"
EndProject
Project("{9A19103F-16F7-4668-BE54-9A1E7A4F7556}") = "AzureFunctionsUniversity_TableBinding", "src\AzureFunctionsUniversity_TableBinding\AzureFunctionsUniversity_TableBinding.csproj", "{F03BB992-EF43-4F0D-8804-64D3753CE67C}"
EndProject
Project("{9A19103F-16F7-4668-BE54-9A1E7A4F7556}") = "AzureFunctionsUniversity_SharedEntities", "src\AzureFunctionsUniversity_SharedEntities\AzureFunctionsUniversity_SharedEntities.csproj", "{B6BC6599-03E1-4062-8A00-DD7764AD93D5}"
EndProject
Project("{9A19103F-16F7-4668-BE54-9A1E7A4F7556}") = "AzureFrunctionsUniversity_CosmosDB", "src\AzureFrunctionsUniversity_CosmosDB\AzureFrunctionsUniversity_CosmosDB.csproj", "{869DB862-669C-4AAC-BEBF-F61A6ABFCBC7}"
EndProject
Project("{9A19103F-16F7-4668-BE54-9A1E7A4F7556}") = "AzureFunctionsUniversity_Configuration", "src\AzureFunctionsUniversity_Configuration\AzureFunctionsUniversity_Configuration.csproj", "{B627CFD4-81E6-4F38-A9C2-900444FFE2AC}"
EndProject
Project("{9A19103F-16F7-4668-BE54-9A1E7A4F7556}") = "AzureFunctionsUniversity_DurableFunctions", "src\AzureFunctionsUniversity_DurableFunctions\AzureFunctionsUniversity_DurableFunctions.csproj", "{4E83FB0C-03FD-4EBC-B530-026F647F459E}"
EndProject
Project("{FAE04EC0-301F-11D3-BF4B-00C04F79EFBC}") = "AzureFunctionsUniversity_DurableFunctionsAdvanced", "src\AzureFunctionsUniversity_DurableFunctionsAdvanced\AzureFunctionsUniversity_DurableFunctionsAdvanced.csproj", "{677E9334-CA37-4727-ADA3-F51CD8D52AF3}"
EndProject
Global
	GlobalSection(SolutionConfigurationPlatforms) = preSolution
		Debug|Any CPU = Debug|Any CPU
		Release|Any CPU = Release|Any CPU
	EndGlobalSection
	GlobalSection(ProjectConfigurationPlatforms) = postSolution
		{F22EB732-E0E7-4169-A640-014CA10DDAEA}.Debug|Any CPU.ActiveCfg = Debug|Any CPU
		{F22EB732-E0E7-4169-A640-014CA10DDAEA}.Debug|Any CPU.Build.0 = Debug|Any CPU
		{F22EB732-E0E7-4169-A640-014CA10DDAEA}.Release|Any CPU.ActiveCfg = Release|Any CPU
		{F22EB732-E0E7-4169-A640-014CA10DDAEA}.Release|Any CPU.Build.0 = Release|Any CPU
		{80D72D74-56AE-4999-B078-99E871EFDD25}.Debug|Any CPU.ActiveCfg = Debug|Any CPU
		{80D72D74-56AE-4999-B078-99E871EFDD25}.Debug|Any CPU.Build.0 = Debug|Any CPU
		{80D72D74-56AE-4999-B078-99E871EFDD25}.Release|Any CPU.ActiveCfg = Release|Any CPU
		{80D72D74-56AE-4999-B078-99E871EFDD25}.Release|Any CPU.Build.0 = Release|Any CPU
		{CCB943C6-1157-4EC9-AB57-B075018C6F85}.Debug|Any CPU.ActiveCfg = Debug|Any CPU
		{CCB943C6-1157-4EC9-AB57-B075018C6F85}.Debug|Any CPU.Build.0 = Debug|Any CPU
		{CCB943C6-1157-4EC9-AB57-B075018C6F85}.Release|Any CPU.ActiveCfg = Release|Any CPU
		{CCB943C6-1157-4EC9-AB57-B075018C6F85}.Release|Any CPU.Build.0 = Release|Any CPU
		{F03BB992-EF43-4F0D-8804-64D3753CE67C}.Debug|Any CPU.ActiveCfg = Debug|Any CPU
		{F03BB992-EF43-4F0D-8804-64D3753CE67C}.Debug|Any CPU.Build.0 = Debug|Any CPU
		{F03BB992-EF43-4F0D-8804-64D3753CE67C}.Release|Any CPU.ActiveCfg = Release|Any CPU
		{F03BB992-EF43-4F0D-8804-64D3753CE67C}.Release|Any CPU.Build.0 = Release|Any CPU
		{B6BC6599-03E1-4062-8A00-DD7764AD93D5}.Debug|Any CPU.ActiveCfg = Debug|Any CPU
		{B6BC6599-03E1-4062-8A00-DD7764AD93D5}.Debug|Any CPU.Build.0 = Debug|Any CPU
		{B6BC6599-03E1-4062-8A00-DD7764AD93D5}.Release|Any CPU.ActiveCfg = Release|Any CPU
		{B6BC6599-03E1-4062-8A00-DD7764AD93D5}.Release|Any CPU.Build.0 = Release|Any CPU
		{869DB862-669C-4AAC-BEBF-F61A6ABFCBC7}.Debug|Any CPU.ActiveCfg = Debug|Any CPU
		{869DB862-669C-4AAC-BEBF-F61A6ABFCBC7}.Debug|Any CPU.Build.0 = Debug|Any CPU
		{869DB862-669C-4AAC-BEBF-F61A6ABFCBC7}.Release|Any CPU.ActiveCfg = Release|Any CPU
		{869DB862-669C-4AAC-BEBF-F61A6ABFCBC7}.Release|Any CPU.Build.0 = Release|Any CPU
		{B627CFD4-81E6-4F38-A9C2-900444FFE2AC}.Debug|Any CPU.ActiveCfg = Debug|Any CPU
		{B627CFD4-81E6-4F38-A9C2-900444FFE2AC}.Debug|Any CPU.Build.0 = Debug|Any CPU
		{B627CFD4-81E6-4F38-A9C2-900444FFE2AC}.Release|Any CPU.ActiveCfg = Release|Any CPU
		{B627CFD4-81E6-4F38-A9C2-900444FFE2AC}.Release|Any CPU.Build.0 = Release|Any CPU
		{4E83FB0C-03FD-4EBC-B530-026F647F459E}.Debug|Any CPU.ActiveCfg = Debug|Any CPU
		{4E83FB0C-03FD-4EBC-B530-026F647F459E}.Debug|Any CPU.Build.0 = Debug|Any CPU
		{4E83FB0C-03FD-4EBC-B530-026F647F459E}.Release|Any CPU.ActiveCfg = Release|Any CPU
		{4E83FB0C-03FD-4EBC-B530-026F647F459E}.Release|Any CPU.Build.0 = Release|Any CPU
		{677E9334-CA37-4727-ADA3-F51CD8D52AF3}.Debug|Any CPU.ActiveCfg = Debug|Any CPU
		{677E9334-CA37-4727-ADA3-F51CD8D52AF3}.Debug|Any CPU.Build.0 = Debug|Any CPU
		{677E9334-CA37-4727-ADA3-F51CD8D52AF3}.Release|Any CPU.ActiveCfg = Release|Any CPU
		{677E9334-CA37-4727-ADA3-F51CD8D52AF3}.Release|Any CPU.Build.0 = Release|Any CPU
	EndGlobalSection
	GlobalSection(SolutionProperties) = preSolution
		HideSolutionNode = FALSE
	EndGlobalSection
	GlobalSection(ExtensibilityGlobals) = postSolution
		SolutionGuid = {CEC8D43B-A38B-44CF-AAE5-8060DC5564E3}
	EndGlobalSection
EndGlobal
