
Microsoft Visual Studio Solution File, Format Version 12.00
# Visual Studio Version 17
VisualStudioVersion = 17.8.34525.116
MinimumVisualStudioVersion = 10.0.40219.1
Project("{9A19103F-16F7-4668-BE54-9A1E7A4F7556}") = "AzureFunctionsUniversity_Introduction", "src\AzureFunctionsUniversity_Introduction\AzureFunctionsUniversity_Introduction.csproj", "{F22EB732-E0E7-4169-A640-014CA10DDAEA}"
EndProject
Global
	GlobalSection(SolutionConfigurationPlatforms) = preSolution
		Debug|Any CPU = Debug|Any CPU
		Release|Any CPU = Release|Any CPU
	EndGlobalSection
	GlobalSection(ProjectConfigurationPlatforms) = postSolution
		{F22EB732-E0E7-4169-A640-014CA10DDAEA}.Debug|Any CPU.ActiveCfg = Debug|Any CPU
		{F22EB732-E0E7-4169-A640-014CA10DDAEA}.Debug|Any CPU.Build.0 = Debug|Any CPU
		{F22EB732-E0E7-4169-A640-014CA10DDAEA}.Release|Any CPU.ActiveCfg = Release|Any CPU
		{F22EB732-E0E7-4169-A640-014CA10DDAEA}.Release|Any CPU.Build.0 = Release|Any CPU
	EndGlobalSection
	GlobalSection(SolutionProperties) = preSolution
		HideSolutionNode = FALSE
	EndGlobalSection
	GlobalSection(ExtensibilityGlobals) = postSolution
		SolutionGuid = {CEC8D43B-A38B-44CF-AAE5-8060DC5564E3}
	EndGlobalSection
EndGlobal
